lockfileVersion: '9.0'

settings:
  autoInstallPeers: true
  excludeLinksFromLockfile: false

importers:

  .:
    dependencies:
      esm-env:
        specifier: ^1.2.2
        version: 1.2.2
    devDependencies:
      '@popperjs/core':
        specifier: ^2.11.8
        version: 2.11.8
      '@types/bootstrap':
        specifier: ^5.2.10
        version: 5.2.10

packages:

  '@popperjs/core@2.11.8':
    resolution: {integrity: sha512-P1st0aksCrn9sGZhp8GMYwBnQsbvAWsZAX44oXNNvLHGqAOcoVxmjZiohstwQ7SqKnbR47akdNi+uleWD8+g6A==}

  '@types/bootstrap@5.2.10':
    resolution: {integrity: sha512-F2X+cd6551tep0MvVZ6nM8v7XgGN/twpdNDjqS1TUM7YFNEtQYWk+dKAnH+T1gr6QgCoGMPl487xw/9hXooa2g==}

  esm-env@1.2.2:
    resolution: {integrity: sha512-Epxrv+Nr/CaL4ZcFGPJIYLWFom+YeV1DqMLHJoEd9SYRxNbaFruBwfEX/kkHUJf55j2+TUbmDcmuilbP1TmXHA==}

snapshots:

  '@popperjs/core@2.11.8': {}

  '@types/bootstrap@5.2.10':
    dependencies:
      '@popperjs/core': 2.11.8

  esm-env@1.2.2: {}
